
Microsoft Visual Studio Solution File, Format Version 12.00
# Visual Studio 2012
Project("{FAE04EC0-301F-11D3-BF4B-00C04F79EFBC}") = "LewisMoten.Spiders.CheerfulDrill.Core", "LewisMoten.Spiders.CheerfulDrill.Core\LewisMoten.Spiders.CheerfulDrill.Core.csproj", "{0951B209-B4AC-4432-8057-4A37B8534CBF}"
EndProject
Project("{2150E333-8FDC-42A3-9474-1A3956D46DE8}") = "Tests", "Tests", "{8489FA47-8EA2-4402-83A2-4B4ED0051EA4}"
EndProject
Project("{FAE04EC0-301F-11D3-BF4B-00C04F79EFBC}") = "LewisMoten.Spiders.CheerfulDrill.Core.Tests", "LewisMoten.Spiders.CheerfulDrill.Core.Tests\LewisMoten.Spiders.CheerfulDrill.Core.Tests.csproj", "{F1700ED4-0C85-4E03-AE79-69AF370C2140}"
EndProject
Project("{2150E333-8FDC-42A3-9474-1A3956D46DE8}") = "Solution Items", "Solution Items", "{D8815813-781A-4CB8-81CF-90AB8027D81E}"
	ProjectSection(SolutionItems) = preProject
		LICENSE = LICENSE
		README.md = README.md
	EndProjectSection
EndProject
Project("{FAE04EC0-301F-11D3-BF4B-00C04F79EFBC}") = "LewisMoten.Spiders.CheerfulDrill.UI", "LewisMoten.Spiders.CheerfulDrill.UI\LewisMoten.Spiders.CheerfulDrill.UI.csproj", "{77A0DD98-6780-40A9-9867-0739B1194201}"
EndProject
Global
	GlobalSection(SolutionConfigurationPlatforms) = preSolution
		Debug|Any CPU = Debug|Any CPU
		Release|Any CPU = Release|Any CPU
	EndGlobalSection
	GlobalSection(ProjectConfigurationPlatforms) = postSolution
		{0951B209-B4AC-4432-8057-4A37B8534CBF}.Debug|Any CPU.ActiveCfg = Debug|Any CPU
		{0951B209-B4AC-4432-8057-4A37B8534CBF}.Debug|Any CPU.Build.0 = Debug|Any CPU
		{0951B209-B4AC-4432-8057-4A37B8534CBF}.Release|Any CPU.ActiveCfg = Release|Any CPU
		{0951B209-B4AC-4432-8057-4A37B8534CBF}.Release|Any CPU.Build.0 = Release|Any CPU
		{F1700ED4-0C85-4E03-AE79-69AF370C2140}.Debug|Any CPU.ActiveCfg = Debug|Any CPU
		{F1700ED4-0C85-4E03-AE79-69AF370C2140}.Debug|Any CPU.Build.0 = Debug|Any CPU
		{F1700ED4-0C85-4E03-AE79-69AF370C2140}.Release|Any CPU.ActiveCfg = Release|Any CPU
		{F1700ED4-0C85-4E03-AE79-69AF370C2140}.Release|Any CPU.Build.0 = Release|Any CPU
		{77A0DD98-6780-40A9-9867-0739B1194201}.Debug|Any CPU.ActiveCfg = Debug|Any CPU
		{77A0DD98-6780-40A9-9867-0739B1194201}.Debug|Any CPU.Build.0 = Debug|Any CPU
		{77A0DD98-6780-40A9-9867-0739B1194201}.Release|Any CPU.ActiveCfg = Release|Any CPU
		{77A0DD98-6780-40A9-9867-0739B1194201}.Release|Any CPU.Build.0 = Release|Any CPU
	EndGlobalSection
	GlobalSection(SolutionProperties) = preSolution
		HideSolutionNode = FALSE
	EndGlobalSection
	GlobalSection(NestedProjects) = preSolution
		{F1700ED4-0C85-4E03-AE79-69AF370C2140} = {8489FA47-8EA2-4402-83A2-4B4ED0051EA4}
	EndGlobalSection
EndGlobal
